
Microsoft Visual Studio Solution File, Format Version 12.00
# Visual Studio 2013
VisualStudioVersion = 12.0.31101.0
MinimumVisualStudioVersion = 10.0.40219.1
Project("{FAE04EC0-301F-11D3-BF4B-00C04F79EFBC}") = "ConsoleApplication2", "ConsoleApplication2\ConsoleApplication2.csproj", "{B3C29EB3-7E2E-4BF2-B20F-F5A0BF92F762}"
EndProject
Global
	GlobalSection(SolutionConfigurationPlatforms) = preSolution
		Debug|Any CPU = Debug|Any CPU
		Release|Any CPU = Release|Any CPU
	EndGlobalSection
	GlobalSection(ProjectConfigurationPlatforms) = postSolution
		{B3C29EB3-7E2E-4BF2-B20F-F5A0BF92F762}.Debug|Any CPU.ActiveCfg = Debug|Any CPU
		{B3C29EB3-7E2E-4BF2-B20F-F5A0BF92F762}.Debug|Any CPU.Build.0 = Debug|Any CPU
		{B3C29EB3-7E2E-4BF2-B20F-F5A0BF92F762}.Release|Any CPU.ActiveCfg = Release|Any CPU
		{B3C29EB3-7E2E-4BF2-B20F-F5A0BF92F762}.Release|Any CPU.Build.0 = Release|Any CPU
	EndGlobalSection
	GlobalSection(SolutionProperties) = preSolution
		HideSolutionNode = FALSE
	EndGlobalSection
EndGlobal
